
Microsoft Visual Studio Solution File, Format Version 12.00
# Visual Studio 15
VisualStudioVersion = 15.0.28307.421
MinimumVisualStudioVersion = 10.0.40219.1
Project("{8BC9CEB8-8B4A-11D0-8D11-00A0C91BC942}") = "DLLClient", "DLLClient\DLLClient.vcxproj", "{98A0B898-CC21-4BA5-B0B7-3187D4C9BB28}"
EndProject
Project("{8BC9CEB8-8B4A-11D0-8D11-00A0C91BC942}") = "Client", "..\Client\Client\Client.vcxproj", "{49E2FF16-05FB-49D2-9F4A-D1FC1016C6ED}"
EndProject
Global
	GlobalSection(SolutionConfigurationPlatforms) = preSolution
		Debug|x64 = Debug|x64
		Debug|x86 = Debug|x86
		Release|x64 = Release|x64
		Release|x86 = Release|x86
	EndGlobalSection
	GlobalSection(ProjectConfigurationPlatforms) = postSolution
		{98A0B898-CC21-4BA5-B0B7-3187D4C9BB28}.Debug|x64.ActiveCfg = Debug|x64
		{98A0B898-CC21-4BA5-B0B7-3187D4C9BB28}.Debug|x64.Build.0 = Debug|x64
		{98A0B898-CC21-4BA5-B0B7-3187D4C9BB28}.Debug|x86.ActiveCfg = Debug|Win32
		{98A0B898-CC21-4BA5-B0B7-3187D4C9BB28}.Debug|x86.Build.0 = Debug|Win32
		{98A0B898-CC21-4BA5-B0B7-3187D4C9BB28}.Release|x64.ActiveCfg = Release|x64
		{98A0B898-CC21-4BA5-B0B7-3187D4C9BB28}.Release|x64.Build.0 = Release|x64
		{98A0B898-CC21-4BA5-B0B7-3187D4C9BB28}.Release|x86.ActiveCfg = Release|Win32
		{98A0B898-CC21-4BA5-B0B7-3187D4C9BB28}.Release|x86.Build.0 = Release|Win32
		{49E2FF16-05FB-49D2-9F4A-D1FC1016C6ED}.Debug|x64.ActiveCfg = Debug|x64
		{49E2FF16-05FB-49D2-9F4A-D1FC1016C6ED}.Debug|x64.Build.0 = Debug|x64
		{49E2FF16-05FB-49D2-9F4A-D1FC1016C6ED}.Debug|x86.ActiveCfg = Debug|Win32
		{49E2FF16-05FB-49D2-9F4A-D1FC1016C6ED}.Debug|x86.Build.0 = Debug|Win32
		{49E2FF16-05FB-49D2-9F4A-D1FC1016C6ED}.Release|x64.ActiveCfg = Release|x64
		{49E2FF16-05FB-49D2-9F4A-D1FC1016C6ED}.Release|x64.Build.0 = Release|x64
		{49E2FF16-05FB-49D2-9F4A-D1FC1016C6ED}.Release|x86.ActiveCfg = Release|Win32
		{49E2FF16-05FB-49D2-9F4A-D1FC1016C6ED}.Release|x86.Build.0 = Release|Win32
	EndGlobalSection
	GlobalSection(SolutionProperties) = preSolution
		HideSolutionNode = FALSE
	EndGlobalSection
	GlobalSection(ExtensibilityGlobals) = postSolution
		SolutionGuid = {51036379-4E2F-4283-A9BA-4BD7F2EE18DF}
	EndGlobalSection
EndGlobal
